
Microsoft Visual Studio Solution File, Format Version 12.00
# Visual Studio Version 17
VisualStudioVersion = 17.5.33516.290
MinimumVisualStudioVersion = 10.0.40219.1
Project("{8BC9CEB8-8B4A-11D0-8D11-00A0C91BC942}") = "testt", "testt\testt.vcxproj", "{EF0CF244-7819-4E69-82C5-BC142670D271}"
EndProject
Global
	GlobalSection(SolutionConfigurationPlatforms) = preSolution
		Debug|x64 = Debug|x64
		Debug|x86 = Debug|x86
		Release|x64 = Release|x64
		Release|x86 = Release|x86
	EndGlobalSection
	GlobalSection(ProjectConfigurationPlatforms) = postSolution
		{EF0CF244-7819-4E69-82C5-BC142670D271}.Debug|x64.ActiveCfg = Debug|x64
		{EF0CF244-7819-4E69-82C5-BC142670D271}.Debug|x64.Build.0 = Debug|x64
		{EF0CF244-7819-4E69-82C5-BC142670D271}.Debug|x86.ActiveCfg = Debug|Win32
		{EF0CF244-7819-4E69-82C5-BC142670D271}.Debug|x86.Build.0 = Debug|Win32
		{EF0CF244-7819-4E69-82C5-BC142670D271}.Release|x64.ActiveCfg = Release|x64
		{EF0CF244-7819-4E69-82C5-BC142670D271}.Release|x64.Build.0 = Release|x64
		{EF0CF244-7819-4E69-82C5-BC142670D271}.Release|x86.ActiveCfg = Release|Win32
		{EF0CF244-7819-4E69-82C5-BC142670D271}.Release|x86.Build.0 = Release|Win32
	EndGlobalSection
	GlobalSection(SolutionProperties) = preSolution
		HideSolutionNode = FALSE
	EndGlobalSection
	GlobalSection(ExtensibilityGlobals) = postSolution
		SolutionGuid = {0A915256-B298-4A15-9BAC-186E3D9B1D32}
	EndGlobalSection
EndGlobal
